
Microsoft Visual Studio Solution File, Format Version 12.00
# Visual Studio 15
VisualStudioVersion = 15.0.27428.2027
MinimumVisualStudioVersion = 10.0.40219.1
Project("{FAE04EC0-301F-11D3-BF4B-00C04F79EFBC}") = "BrainControl", "BrainControl\BrainControl.csproj", "{6CE9324B-24BD-4E23-B4ED-A74C47D038E6}"
EndProject
Project("{FAE04EC0-301F-11D3-BF4B-00C04F79EFBC}") = "BrainControl.Library", "BrainControl.Library\BrainControl.Library.csproj", "{BF036F1C-0650-4470-8B03-F4A5BDCB2415}"
EndProject
Project("{FAE04EC0-301F-11D3-BF4B-00C04F79EFBC}") = "BrainPlotter", "BrainPlotter\BrainPlotter.csproj", "{0EA249DD-81FE-4E9A-B90D-FA349BDEDA4E}"
EndProject
Global
	GlobalSection(SolutionConfigurationPlatforms) = preSolution
		Debug|Any CPU = Debug|Any CPU
		Release|Any CPU = Release|Any CPU
	EndGlobalSection
	GlobalSection(ProjectConfigurationPlatforms) = postSolution
		{6CE9324B-24BD-4E23-B4ED-A74C47D038E6}.Debug|Any CPU.ActiveCfg = Debug|Any CPU
		{6CE9324B-24BD-4E23-B4ED-A74C47D038E6}.Debug|Any CPU.Build.0 = Debug|Any CPU
		{6CE9324B-24BD-4E23-B4ED-A74C47D038E6}.Release|Any CPU.ActiveCfg = Release|Any CPU
		{6CE9324B-24BD-4E23-B4ED-A74C47D038E6}.Release|Any CPU.Build.0 = Release|Any CPU
		{BF036F1C-0650-4470-8B03-F4A5BDCB2415}.Debug|Any CPU.ActiveCfg = Debug|Any CPU
		{BF036F1C-0650-4470-8B03-F4A5BDCB2415}.Debug|Any CPU.Build.0 = Debug|Any CPU
		{BF036F1C-0650-4470-8B03-F4A5BDCB2415}.Release|Any CPU.ActiveCfg = Release|Any CPU
		{BF036F1C-0650-4470-8B03-F4A5BDCB2415}.Release|Any CPU.Build.0 = Release|Any CPU
		{0EA249DD-81FE-4E9A-B90D-FA349BDEDA4E}.Debug|Any CPU.ActiveCfg = Debug|Any CPU
		{0EA249DD-81FE-4E9A-B90D-FA349BDEDA4E}.Debug|Any CPU.Build.0 = Debug|Any CPU
		{0EA249DD-81FE-4E9A-B90D-FA349BDEDA4E}.Release|Any CPU.ActiveCfg = Release|Any CPU
		{0EA249DD-81FE-4E9A-B90D-FA349BDEDA4E}.Release|Any CPU.Build.0 = Release|Any CPU
	EndGlobalSection
	GlobalSection(SolutionProperties) = preSolution
		HideSolutionNode = FALSE
	EndGlobalSection
	GlobalSection(ExtensibilityGlobals) = postSolution
		SolutionGuid = {F7DA9B5B-AEF7-45FD-A9DD-D9950D1E6C12}
	EndGlobalSection
EndGlobal
